// !$*UTF8*$!
{
	archiveVersion = 1;
	classes = {
	};
	objectVersion = 55;
	objects = {

/* Begin PBXBuildFile section */
		525F8998276F1AA500F891ED /* SettingsViewController.swift in Sources */ = {isa = PBXBuildFile; fileRef = 525F8997276F1AA500F891ED /* SettingsViewController.swift */; };
		52D98B5B274FC72E00BFF48C /* AppDelegate.swift in Sources */ = {isa = PBXBuildFile; fileRef = 52D98B5A274FC72E00BFF48C /* AppDelegate.swift */; };
		52D98B5F274FC72E00BFF48C /* InboxViewController.swift in Sources */ = {isa = PBXBuildFile; fileRef = 52D98B5E274FC72E00BFF48C /* InboxViewController.swift */; };
		52D98B62274FC72F00BFF48C /* Main.storyboard in Resources */ = {isa = PBXBuildFile; fileRef = 52D98B60274FC72F00BFF48C /* Main.storyboard */; };
		52D98B64274FC73300BFF48C /* Assets.xcassets in Resources */ = {isa = PBXBuildFile; fileRef = 52D98B63274FC73300BFF48C /* Assets.xcassets */; };
		52D98B67274FC73300BFF48C /* LaunchScreen.storyboard in Resources */ = {isa = PBXBuildFile; fileRef = 52D98B65274FC73300BFF48C /* LaunchScreen.storyboard */; };
		52D98B76274FC9E100BFF48C /* InboxTicketTableViewCell.xib in Resources */ = {isa = PBXBuildFile; fileRef = 52D98B75274FC9E100BFF48C /* InboxTicketTableViewCell.xib */; };
		52D98B78274FC9EC00BFF48C /* InboxTicketTableViewCell.swift in Sources */ = {isa = PBXBuildFile; fileRef = 52D98B77274FC9EC00BFF48C /* InboxTicketTableViewCell.swift */; };
		52D98B7A274FCDC700BFF48C /* ChatViewController.swift in Sources */ = {isa = PBXBuildFile; fileRef = 52D98B79274FCDC700BFF48C /* ChatViewController.swift */; };
		52D98B7C274FE44F00BFF48C /* LoginViewController.swift in Sources */ = {isa = PBXBuildFile; fileRef = 52D98B7B274FE44F00BFF48C /* LoginViewController.swift */; };
		9F92A20288A19F16F8544775 /* Pods_Quickstart.framework in Frameworks */ = {isa = PBXBuildFile; fileRef = A3A6AECAE0563296AC4A05B2 /* Pods_Quickstart.framework */; };
		A9D1AB60276F16D800780D8A /* FAQMessageView.swift in Sources */ = {isa = PBXBuildFile; fileRef = A9D1AB5F276F16D800780D8A /* FAQMessageView.swift */; };
		A9D1AB6A276F2E2100780D8A /* UIImageView.Quickstart.swift in Sources */ = {isa = PBXBuildFile; fileRef = A9D1AB69276F2E2100780D8A /* UIImageView.Quickstart.swift */; };
		A9D1AB71276F3E3000780D8A /* FAQBotMessageCell.swift in Sources */ = {isa = PBXBuildFile; fileRef = A9D1AB6F276F3E3000780D8A /* FAQBotMessageCell.swift */; };
		A9D1AB72276F3E3000780D8A /* FAQBotMessageCell.xib in Resources */ = {isa = PBXBuildFile; fileRef = A9D1AB70276F3E3000780D8A /* FAQBotMessageCell.xib */; };
		A9D1AB76276F496500780D8A /* FAQMessageView.ColorSet.swift in Sources */ = {isa = PBXBuildFile; fileRef = A9D1AB75276F496500780D8A /* FAQMessageView.ColorSet.swift */; };
		A9D1AB78276F497300780D8A /* FAQMessageView.FontSet.swift in Sources */ = {isa = PBXBuildFile; fileRef = A9D1AB77276F497300780D8A /* FAQMessageView.FontSet.swift */; };
		A9DE8FCF27704AC200A6EABC /* SystemBotMessageCell.swift in Sources */ = {isa = PBXBuildFile; fileRef = A9DE8FCD27704AC200A6EABC /* SystemBotMessageCell.swift */; };
		A9DE8FD027704AC200A6EABC /* SystemBotMessageCell.xib in Resources */ = {isa = PBXBuildFile; fileRef = A9DE8FCE27704AC200A6EABC /* SystemBotMessageCell.xib */; };
		A9DE8FD3277069E500A6EABC /* String.Quickstart.swift in Sources */ = {isa = PBXBuildFile; fileRef = A9DE8FD2277069E500A6EABC /* String.Quickstart.swift */; };
		A9DE8FD527706A2800A6EABC /* InboxViewController.UITableViewDelegate.swift in Sources */ = {isa = PBXBuildFile; fileRef = A9DE8FD427706A2800A6EABC /* InboxViewController.UITableViewDelegate.swift */; };
		A9EBDA3F276F745800A37D9E /* Date.Quickstart.swift in Sources */ = {isa = PBXBuildFile; fileRef = A9EBDA3E276F745800A37D9E /* Date.Quickstart.swift */; };
/* End PBXBuildFile section */

/* Begin PBXFileReference section */
		525F8997276F1AA500F891ED /* SettingsViewController.swift */ = {isa = PBXFileReference; lastKnownFileType = sourcecode.swift; path = SettingsViewController.swift; sourceTree = "<group>"; };
		52D98B57274FC72E00BFF48C /* Quickstart.app */ = {isa = PBXFileReference; explicitFileType = wrapper.application; includeInIndex = 0; path = Quickstart.app; sourceTree = BUILT_PRODUCTS_DIR; };
		52D98B5A274FC72E00BFF48C /* AppDelegate.swift */ = {isa = PBXFileReference; lastKnownFileType = sourcecode.swift; path = AppDelegate.swift; sourceTree = "<group>"; };
		52D98B5E274FC72E00BFF48C /* InboxViewController.swift */ = {isa = PBXFileReference; lastKnownFileType = sourcecode.swift; path = InboxViewController.swift; sourceTree = "<group>"; };
		52D98B61274FC72F00BFF48C /* Base */ = {isa = PBXFileReference; lastKnownFileType = file.storyboard; name = Base; path = Base.lproj/Main.storyboard; sourceTree = "<group>"; };
		52D98B63274FC73300BFF48C /* Assets.xcassets */ = {isa = PBXFileReference; lastKnownFileType = folder.assetcatalog; path = Assets.xcassets; sourceTree = "<group>"; };
		52D98B66274FC73300BFF48C /* Base */ = {isa = PBXFileReference; lastKnownFileType = file.storyboard; name = Base; path = Base.lproj/LaunchScreen.storyboard; sourceTree = "<group>"; };
		52D98B68274FC73300BFF48C /* Info.plist */ = {isa = PBXFileReference; lastKnownFileType = text.plist.xml; path = Info.plist; sourceTree = "<group>"; };
		52D98B75274FC9E100BFF48C /* InboxTicketTableViewCell.xib */ = {isa = PBXFileReference; lastKnownFileType = file.xib; path = InboxTicketTableViewCell.xib; sourceTree = "<group>"; };
		52D98B77274FC9EC00BFF48C /* InboxTicketTableViewCell.swift */ = {isa = PBXFileReference; lastKnownFileType = sourcecode.swift; path = InboxTicketTableViewCell.swift; sourceTree = "<group>"; };
		52D98B79274FCDC700BFF48C /* ChatViewController.swift */ = {isa = PBXFileReference; lastKnownFileType = sourcecode.swift; path = ChatViewController.swift; sourceTree = "<group>"; };
		52D98B7B274FE44F00BFF48C /* LoginViewController.swift */ = {isa = PBXFileReference; lastKnownFileType = sourcecode.swift; path = LoginViewController.swift; sourceTree = "<group>"; };
		A3A6AECAE0563296AC4A05B2 /* Pods_Quickstart.framework */ = {isa = PBXFileReference; explicitFileType = wrapper.framework; includeInIndex = 0; path = Pods_Quickstart.framework; sourceTree = BUILT_PRODUCTS_DIR; };
		A901E6F0281A308500C089D2 /* SendBirdDesk.xcframework */ = {isa = PBXFileReference; lastKnownFileType = wrapper.xcframework; name = SendBirdDesk.xcframework; path = Pods/SendBirdDesk/SendBirdDesk.xcframework; sourceTree = "<group>"; };
		A9D1AB5F276F16D800780D8A /* FAQMessageView.swift */ = {isa = PBXFileReference; lastKnownFileType = sourcecode.swift; path = FAQMessageView.swift; sourceTree = "<group>"; };
		A9D1AB69276F2E2100780D8A /* UIImageView.Quickstart.swift */ = {isa = PBXFileReference; lastKnownFileType = sourcecode.swift; path = UIImageView.Quickstart.swift; sourceTree = "<group>"; };
		A9D1AB6F276F3E3000780D8A /* FAQBotMessageCell.swift */ = {isa = PBXFileReference; lastKnownFileType = sourcecode.swift; path = FAQBotMessageCell.swift; sourceTree = "<group>"; };
		A9D1AB70276F3E3000780D8A /* FAQBotMessageCell.xib */ = {isa = PBXFileReference; lastKnownFileType = file.xib; path = FAQBotMessageCell.xib; sourceTree = "<group>"; };
		A9D1AB75276F496500780D8A /* FAQMessageView.ColorSet.swift */ = {isa = PBXFileReference; lastKnownFileType = sourcecode.swift; path = FAQMessageView.ColorSet.swift; sourceTree = "<group>"; };
		A9D1AB77276F497300780D8A /* FAQMessageView.FontSet.swift */ = {isa = PBXFileReference; lastKnownFileType = sourcecode.swift; path = FAQMessageView.FontSet.swift; sourceTree = "<group>"; };
		A9DE8FCD27704AC200A6EABC /* SystemBotMessageCell.swift */ = {isa = PBXFileReference; lastKnownFileType = sourcecode.swift; path = SystemBotMessageCell.swift; sourceTree = "<group>"; };
		A9DE8FCE27704AC200A6EABC /* SystemBotMessageCell.xib */ = {isa = PBXFileReference; lastKnownFileType = file.xib; path = SystemBotMessageCell.xib; sourceTree = "<group>"; };
		A9DE8FD12770642D00A6EABC /* README.md */ = {isa = PBXFileReference; lastKnownFileType = net.daringfireball.markdown; path = README.md; sourceTree = "<group>"; };
		A9DE8FD2277069E500A6EABC /* String.Quickstart.swift */ = {isa = PBXFileReference; lastKnownFileType = sourcecode.swift; path = String.Quickstart.swift; sourceTree = "<group>"; };
		A9DE8FD427706A2800A6EABC /* InboxViewController.UITableViewDelegate.swift */ = {isa = PBXFileReference; lastKnownFileType = sourcecode.swift; path = InboxViewController.UITableViewDelegate.swift; sourceTree = "<group>"; };
		A9EBDA3E276F745800A37D9E /* Date.Quickstart.swift */ = {isa = PBXFileReference; lastKnownFileType = sourcecode.swift; path = Date.Quickstart.swift; sourceTree = "<group>"; };
		B1CF55545AE7BFB5F740CDC7 /* Pods-Quickstart.debug.xcconfig */ = {isa = PBXFileReference; includeInIndex = 1; lastKnownFileType = text.xcconfig; name = "Pods-Quickstart.debug.xcconfig"; path = "Target Support Files/Pods-Quickstart/Pods-Quickstart.debug.xcconfig"; sourceTree = "<group>"; };
		E1D9FB3F7CE22018ECA06B7A /* Pods-Quickstart.release.xcconfig */ = {isa = PBXFileReference; includeInIndex = 1; lastKnownFileType = text.xcconfig; name = "Pods-Quickstart.release.xcconfig"; path = "Target Support Files/Pods-Quickstart/Pods-Quickstart.release.xcconfig"; sourceTree = "<group>"; };
/* End PBXFileReference section */

/* Begin PBXFrameworksBuildPhase section */
		52D98B54274FC72E00BFF48C /* Frameworks */ = {
			isa = PBXFrameworksBuildPhase;
			buildActionMask = 2147483647;
			files = (
				9F92A20288A19F16F8544775 /* Pods_Quickstart.framework in Frameworks */,
			);
			runOnlyForDeploymentPostprocessing = 0;
		};
/* End PBXFrameworksBuildPhase section */

/* Begin PBXGroup section */
		52D98B4E274FC72E00BFF48C = {
			isa = PBXGroup;
			children = (
				A9DE8FD12770642D00A6EABC /* README.md */,
				52D98B59274FC72E00BFF48C /* Quickstart */,
				52D98B58274FC72E00BFF48C /* Products */,
				EDB8CAAAB0ECB20D10242C15 /* Pods */,
				FC8FF5292EDE3EEFECA858AA /* Frameworks */,
			);
			sourceTree = "<group>";
		};
		52D98B58274FC72E00BFF48C /* Products */ = {
			isa = PBXGroup;
			children = (
				52D98B57274FC72E00BFF48C /* Quickstart.app */,
			);
			name = Products;
			sourceTree = "<group>";
		};
		52D98B59274FC72E00BFF48C /* Quickstart */ = {
			isa = PBXGroup;
			children = (
				52D98B5A274FC72E00BFF48C /* AppDelegate.swift */,
				52D98B5E274FC72E00BFF48C /* InboxViewController.swift */,
				A9DE8FD427706A2800A6EABC /* InboxViewController.UITableViewDelegate.swift */,
				52D98B7B274FE44F00BFF48C /* LoginViewController.swift */,
				52D98B79274FCDC700BFF48C /* ChatViewController.swift */,
				525F8997276F1AA500F891ED /* SettingsViewController.swift */,
				A9DE8FCC27704A9300A6EABC /* SystemBot */,
				A9D1AB6C276F2EB500780D8A /* FAQBot */,
				A9D1AB6B276F2EAA00780D8A /* Extensions */,
				52D98B74274FC9D300BFF48C /* InboxTicket */,
				52D98B60274FC72F00BFF48C /* Main.storyboard */,
				52D98B63274FC73300BFF48C /* Assets.xcassets */,
				52D98B65274FC73300BFF48C /* LaunchScreen.storyboard */,
				52D98B68274FC73300BFF48C /* Info.plist */,
			);
			path = Quickstart;
			sourceTree = "<group>";
		};
		52D98B74274FC9D300BFF48C /* InboxTicket */ = {
			isa = PBXGroup;
			children = (
				52D98B75274FC9E100BFF48C /* InboxTicketTableViewCell.xib */,
				52D98B77274FC9EC00BFF48C /* InboxTicketTableViewCell.swift */,
			);
			path = InboxTicket;
			sourceTree = "<group>";
		};
		A9D1AB6B276F2EAA00780D8A /* Extensions */ = {
			isa = PBXGroup;
			children = (
				A9D1AB69276F2E2100780D8A /* UIImageView.Quickstart.swift */,
				A9EBDA3E276F745800A37D9E /* Date.Quickstart.swift */,
				A9DE8FD2277069E500A6EABC /* String.Quickstart.swift */,
			);
			path = Extensions;
			sourceTree = "<group>";
		};
		A9D1AB6C276F2EB500780D8A /* FAQBot */ = {
			isa = PBXGroup;
			children = (
				A9D1AB70276F3E3000780D8A /* FAQBotMessageCell.xib */,
				A9D1AB6F276F3E3000780D8A /* FAQBotMessageCell.swift */,
				A9D1AB5F276F16D800780D8A /* FAQMessageView.swift */,
				A9D1AB75276F496500780D8A /* FAQMessageView.ColorSet.swift */,
				A9D1AB77276F497300780D8A /* FAQMessageView.FontSet.swift */,
			);
			path = FAQBot;
			sourceTree = "<group>";
		};
		A9DE8FCC27704A9300A6EABC /* SystemBot */ = {
			isa = PBXGroup;
			children = (
				A9DE8FCD27704AC200A6EABC /* SystemBotMessageCell.swift */,
				A9DE8FCE27704AC200A6EABC /* SystemBotMessageCell.xib */,
			);
			path = SystemBot;
			sourceTree = "<group>";
		};
		EDB8CAAAB0ECB20D10242C15 /* Pods */ = {
			isa = PBXGroup;
			children = (
				B1CF55545AE7BFB5F740CDC7 /* Pods-Quickstart.debug.xcconfig */,
				E1D9FB3F7CE22018ECA06B7A /* Pods-Quickstart.release.xcconfig */,
			);
			path = Pods;
			sourceTree = "<group>";
		};
		FC8FF5292EDE3EEFECA858AA /* Frameworks */ = {
			isa = PBXGroup;
			children = (
				A901E6F0281A308500C089D2 /* SendBirdDesk.xcframework */,
				A3A6AECAE0563296AC4A05B2 /* Pods_Quickstart.framework */,
			);
			name = Frameworks;
			sourceTree = "<group>";
		};
/* End PBXGroup section */

/* Begin PBXNativeTarget section */
		52D98B56274FC72E00BFF48C /* Quickstart */ = {
			isa = PBXNativeTarget;
			buildConfigurationList = 52D98B6B274FC73300BFF48C /* Build configuration list for PBXNativeTarget "Quickstart" */;
			buildPhases = (
				25204751D87A623D1418D0B8 /* [CP] Check Pods Manifest.lock */,
				52D98B53274FC72E00BFF48C /* Sources */,
				52D98B54274FC72E00BFF48C /* Frameworks */,
				52D98B55274FC72E00BFF48C /* Resources */,
				622E4C39F2BCCBE28910C4A5 /* [CP] Embed Pods Frameworks */,
			);
			buildRules = (
			);
			dependencies = (
			);
			name = Quickstart;
			packageProductDependencies = (
			);
			productName = Quickstart;
			productReference = 52D98B57274FC72E00BFF48C /* Quickstart.app */;
			productType = "com.apple.product-type.application";
		};
/* End PBXNativeTarget section */

/* Begin PBXProject section */
		52D98B4F274FC72E00BFF48C /* Project object */ = {
			isa = PBXProject;
			attributes = {
				BuildIndependentTargetsInParallel = 1;
				LastSwiftUpdateCheck = 1310;
				LastUpgradeCheck = 1320;
				TargetAttributes = {
					52D98B56274FC72E00BFF48C = {
						CreatedOnToolsVersion = 13.1;
					};
				};
			};
			buildConfigurationList = 52D98B52274FC72E00BFF48C /* Build configuration list for PBXProject "QuickStart" */;
			compatibilityVersion = "Xcode 13.0";
			developmentRegion = en;
			hasScannedForEncodings = 0;
			knownRegions = (
				en,
				Base,
			);
			mainGroup = 52D98B4E274FC72E00BFF48C;
			packageReferences = (
			);
			productRefGroup = 52D98B58274FC72E00BFF48C /* Products */;
			projectDirPath = "";
			projectRoot = "";
			targets = (
				52D98B56274FC72E00BFF48C /* Quickstart */,
			);
		};
/* End PBXProject section */

/* Begin PBXResourcesBuildPhase section */
		52D98B55274FC72E00BFF48C /* Resources */ = {
			isa = PBXResourcesBuildPhase;
			buildActionMask = 2147483647;
			files = (
				A9DE8FD027704AC200A6EABC /* SystemBotMessageCell.xib in Resources */,
				A9D1AB72276F3E3000780D8A /* FAQBotMessageCell.xib in Resources */,
				52D98B76274FC9E100BFF48C /* InboxTicketTableViewCell.xib in Resources */,
				52D98B67274FC73300BFF48C /* LaunchScreen.storyboard in Resources */,
				52D98B64274FC73300BFF48C /* Assets.xcassets in Resources */,
				52D98B62274FC72F00BFF48C /* Main.storyboard in Resources */,
			);
			runOnlyForDeploymentPostprocessing = 0;
		};
/* End PBXResourcesBuildPhase section */

/* Begin PBXShellScriptBuildPhase section */
		25204751D87A623D1418D0B8 /* [CP] Check Pods Manifest.lock */ = {
			isa = PBXShellScriptBuildPhase;
			buildActionMask = 2147483647;
			files = (
			);
			inputFileListPaths = (
			);
			inputPaths = (
				"${PODS_PODFILE_DIR_PATH}/Podfile.lock",
				"${PODS_ROOT}/Manifest.lock",
			);
			name = "[CP] Check Pods Manifest.lock";
			outputFileListPaths = (
			);
			outputPaths = (
				"$(DERIVED_FILE_DIR)/Pods-Quickstart-checkManifestLockResult.txt",
			);
			runOnlyForDeploymentPostprocessing = 0;
			shellPath = /bin/sh;
			shellScript = "diff \"${PODS_PODFILE_DIR_PATH}/Podfile.lock\" \"${PODS_ROOT}/Manifest.lock\" > /dev/null\nif [ $? != 0 ] ; then\n    # print error to STDERR\n    echo \"error: The sandbox is not in sync with the Podfile.lock. Run 'pod install' or update your CocoaPods installation.\" >&2\n    exit 1\nfi\n# This output is used by Xcode 'outputs' to avoid re-running this script phase.\necho \"SUCCESS\" > \"${SCRIPT_OUTPUT_FILE_0}\"\n";
			showEnvVarsInLog = 0;
		};
		622E4C39F2BCCBE28910C4A5 /* [CP] Embed Pods Frameworks */ = {
			isa = PBXShellScriptBuildPhase;
			buildActionMask = 2147483647;
			files = (
			);
			inputFileListPaths = (
				"${PODS_ROOT}/Target Support Files/Pods-Quickstart/Pods-Quickstart-frameworks-${CONFIGURATION}-input-files.xcfilelist",
			);
			name = "[CP] Embed Pods Frameworks";
			outputFileListPaths = (
				"${PODS_ROOT}/Target Support Files/Pods-Quickstart/Pods-Quickstart-frameworks-${CONFIGURATION}-output-files.xcfilelist",
			);
			runOnlyForDeploymentPostprocessing = 0;
			shellPath = /bin/sh;
			shellScript = "\"${PODS_ROOT}/Target Support Files/Pods-Quickstart/Pods-Quickstart-frameworks.sh\"\n";
			showEnvVarsInLog = 0;
		};
/* End PBXShellScriptBuildPhase section */

/* Begin PBXSourcesBuildPhase section */
		52D98B53274FC72E00BFF48C /* Sources */ = {
			isa = PBXSourcesBuildPhase;
			buildActionMask = 2147483647;
			files = (
				52D98B7C274FE44F00BFF48C /* LoginViewController.swift in Sources */,
				A9DE8FD527706A2800A6EABC /* InboxViewController.UITableViewDelegate.swift in Sources */,
				A9EBDA3F276F745800A37D9E /* Date.Quickstart.swift in Sources */,
				52D98B78274FC9EC00BFF48C /* InboxTicketTableViewCell.swift in Sources */,
				A9D1AB6A276F2E2100780D8A /* UIImageView.Quickstart.swift in Sources */,
				525F8998276F1AA500F891ED /* SettingsViewController.swift in Sources */,
				A9D1AB60276F16D800780D8A /* FAQMessageView.swift in Sources */,
				52D98B5F274FC72E00BFF48C /* InboxViewController.swift in Sources */,
				52D98B5B274FC72E00BFF48C /* AppDelegate.swift in Sources */,
				A9D1AB76276F496500780D8A /* FAQMessageView.ColorSet.swift in Sources */,
				A9D1AB78276F497300780D8A /* FAQMessageView.FontSet.swift in Sources */,
				A9D1AB71276F3E3000780D8A /* FAQBotMessageCell.swift in Sources */,
				A9DE8FD3277069E500A6EABC /* String.Quickstart.swift in Sources */,
				52D98B7A274FCDC700BFF48C /* ChatViewController.swift in Sources */,
				A9DE8FCF27704AC200A6EABC /* SystemBotMessageCell.swift in Sources */,
			);
			runOnlyForDeploymentPostprocessing = 0;
		};
/* End PBXSourcesBuildPhase section */

/* Begin PBXVariantGroup section */
		52D98B60274FC72F00BFF48C /* Main.storyboard */ = {
			isa = PBXVariantGroup;
			children = (
				52D98B61274FC72F00BFF48C /* Base */,
			);
			name = Main.storyboard;
			sourceTree = "<group>";
		};
		52D98B65274FC73300BFF48C /* LaunchScreen.storyboard */ = {
			isa = PBXVariantGroup;
			children = (
				52D98B66274FC73300BFF48C /* Base */,
			);
			name = LaunchScreen.storyboard;
			sourceTree = "<group>";
		};
/* End PBXVariantGroup section */

/* Begin XCBuildConfiguration section */
		52D98B69274FC73300BFF48C /* Debug */ = {
			isa = XCBuildConfiguration;
			buildSettings = {
				ALWAYS_SEARCH_USER_PATHS = NO;
				CLANG_ANALYZER_NONNULL = YES;
				CLANG_ANALYZER_NUMBER_OBJECT_CONVERSION = YES_AGGRESSIVE;
				CLANG_CXX_LANGUAGE_STANDARD = "gnu++17";
				CLANG_CXX_LIBRARY = "libc++";
				CLANG_ENABLE_MODULES = YES;
				CLANG_ENABLE_OBJC_ARC = YES;
				CLANG_ENABLE_OBJC_WEAK = YES;
				CLANG_WARN_BLOCK_CAPTURE_AUTORELEASING = YES;
				CLANG_WARN_BOOL_CONVERSION = YES;
				CLANG_WARN_COMMA = YES;
				CLANG_WARN_CONSTANT_CONVERSION = YES;
				CLANG_WARN_DEPRECATED_OBJC_IMPLEMENTATIONS = YES;
				CLANG_WARN_DIRECT_OBJC_ISA_USAGE = YES_ERROR;
				CLANG_WARN_DOCUMENTATION_COMMENTS = YES;
				CLANG_WARN_EMPTY_BODY = YES;
				CLANG_WARN_ENUM_CONVERSION = YES;
				CLANG_WARN_INFINITE_RECURSION = YES;
				CLANG_WARN_INT_CONVERSION = YES;
				CLANG_WARN_NON_LITERAL_NULL_CONVERSION = YES;
				CLANG_WARN_OBJC_IMPLICIT_RETAIN_SELF = YES;
				CLANG_WARN_OBJC_LITERAL_CONVERSION = YES;
				CLANG_WARN_OBJC_ROOT_CLASS = YES_ERROR;
				CLANG_WARN_QUOTED_INCLUDE_IN_FRAMEWORK_HEADER = YES;
				CLANG_WARN_RANGE_LOOP_ANALYSIS = YES;
				CLANG_WARN_STRICT_PROTOTYPES = YES;
				CLANG_WARN_SUSPICIOUS_MOVE = YES;
				CLANG_WARN_UNGUARDED_AVAILABILITY = YES_AGGRESSIVE;
				CLANG_WARN_UNREACHABLE_CODE = YES;
				CLANG_WARN__DUPLICATE_METHOD_MATCH = YES;
				COPY_PHASE_STRIP = NO;
				DEBUG_INFORMATION_FORMAT = dwarf;
				ENABLE_STRICT_OBJC_MSGSEND = YES;
				ENABLE_TESTABILITY = YES;
				GCC_C_LANGUAGE_STANDARD = gnu11;
				GCC_DYNAMIC_NO_PIC = NO;
				GCC_NO_COMMON_BLOCKS = YES;
				GCC_OPTIMIZATION_LEVEL = 0;
				GCC_PREPROCESSOR_DEFINITIONS = (
					"DEBUG=1",
					"$(inherited)",
				);
				GCC_WARN_64_TO_32_BIT_CONVERSION = YES;
				GCC_WARN_ABOUT_RETURN_TYPE = YES_ERROR;
				GCC_WARN_UNDECLARED_SELECTOR = YES;
				GCC_WARN_UNINITIALIZED_AUTOS = YES_AGGRESSIVE;
				GCC_WARN_UNUSED_FUNCTION = YES;
				GCC_WARN_UNUSED_VARIABLE = YES;
				IPHONEOS_DEPLOYMENT_TARGET = 12.0;
				MTL_ENABLE_DEBUG_INFO = INCLUDE_SOURCE;
				MTL_FAST_MATH = YES;
				ONLY_ACTIVE_ARCH = YES;
				SDKROOT = iphoneos;
				SWIFT_ACTIVE_COMPILATION_CONDITIONS = DEBUG;
				SWIFT_OPTIMIZATION_LEVEL = "-Onone";
			};
			name = Debug;
		};
		52D98B6A274FC73300BFF48C /* Release */ = {
			isa = XCBuildConfiguration;
			buildSettings = {
				ALWAYS_SEARCH_USER_PATHS = NO;
				CLANG_ANALYZER_NONNULL = YES;
				CLANG_ANALYZER_NUMBER_OBJECT_CONVERSION = YES_AGGRESSIVE;
				CLANG_CXX_LANGUAGE_STANDARD = "gnu++17";
				CLANG_CXX_LIBRARY = "libc++";
				CLANG_ENABLE_MODULES = YES;
				CLANG_ENABLE_OBJC_ARC = YES;
				CLANG_ENABLE_OBJC_WEAK = YES;
				CLANG_WARN_BLOCK_CAPTURE_AUTORELEASING = YES;
				CLANG_WARN_BOOL_CONVERSION = YES;
				CLANG_WARN_COMMA = YES;
				CLANG_WARN_CONSTANT_CONVERSION = YES;
				CLANG_WARN_DEPRECATED_OBJC_IMPLEMENTATIONS = YES;
				CLANG_WARN_DIRECT_OBJC_ISA_USAGE = YES_ERROR;
				CLANG_WARN_DOCUMENTATION_COMMENTS = YES;
				CLANG_WARN_EMPTY_BODY = YES;
				CLANG_WARN_ENUM_CONVERSION = YES;
				CLANG_WARN_INFINITE_RECURSION = YES;
				CLANG_WARN_INT_CONVERSION = YES;
				CLANG_WARN_NON_LITERAL_NULL_CONVERSION = YES;
				CLANG_WARN_OBJC_IMPLICIT_RETAIN_SELF = YES;
				CLANG_WARN_OBJC_LITERAL_CONVERSION = YES;
				CLANG_WARN_OBJC_ROOT_CLASS = YES_ERROR;
				CLANG_WARN_QUOTED_INCLUDE_IN_FRAMEWORK_HEADER = YES;
				CLANG_WARN_RANGE_LOOP_ANALYSIS = YES;
				CLANG_WARN_STRICT_PROTOTYPES = YES;
				CLANG_WARN_SUSPICIOUS_MOVE = YES;
				CLANG_WARN_UNGUARDED_AVAILABILITY = YES_AGGRESSIVE;
				CLANG_WARN_UNREACHABLE_CODE = YES;
				CLANG_WARN__DUPLICATE_METHOD_MATCH = YES;
				COPY_PHASE_STRIP = NO;
				DEBUG_INFORMATION_FORMAT = "dwarf-with-dsym";
				ENABLE_NS_ASSERTIONS = NO;
				ENABLE_STRICT_OBJC_MSGSEND = YES;
				GCC_C_LANGUAGE_STANDARD = gnu11;
				GCC_NO_COMMON_BLOCKS = YES;
				GCC_WARN_64_TO_32_BIT_CONVERSION = YES;
				GCC_WARN_ABOUT_RETURN_TYPE = YES_ERROR;
				GCC_WARN_UNDECLARED_SELECTOR = YES;
				GCC_WARN_UNINITIALIZED_AUTOS = YES_AGGRESSIVE;
				GCC_WARN_UNUSED_FUNCTION = YES;
				GCC_WARN_UNUSED_VARIABLE = YES;
				IPHONEOS_DEPLOYMENT_TARGET = 12.0;
				MTL_ENABLE_DEBUG_INFO = NO;
				MTL_FAST_MATH = YES;
				SDKROOT = iphoneos;
				SWIFT_COMPILATION_MODE = wholemodule;
				SWIFT_OPTIMIZATION_LEVEL = "-O";
				VALIDATE_PRODUCT = YES;
			};
			name = Release;
		};
		52D98B6C274FC73300BFF48C /* Debug */ = {
			isa = XCBuildConfiguration;
			baseConfigurationReference = B1CF55545AE7BFB5F740CDC7 /* Pods-Quickstart.debug.xcconfig */;
			buildSettings = {
				ASSETCATALOG_COMPILER_APPICON_NAME = AppIcon;
				ASSETCATALOG_COMPILER_GLOBAL_ACCENT_COLOR_NAME = AccentColor;
				CODE_SIGN_STYLE = Automatic;
				CURRENT_PROJECT_VERSION = 1;
				DEVELOPMENT_TEAM = RM4A5PXTUX;
				GENERATE_INFOPLIST_FILE = YES;
				INFOPLIST_FILE = Quickstart/Info.plist;
				INFOPLIST_KEY_UIApplicationSupportsIndirectInputEvents = YES;
				INFOPLIST_KEY_UILaunchStoryboardName = LaunchScreen;
				INFOPLIST_KEY_UIMainStoryboardFile = Main;
				INFOPLIST_KEY_UISupportedInterfaceOrientations = UIInterfaceOrientationPortrait;
				INFOPLIST_KEY_UISupportedInterfaceOrientations_iPad = "UIInterfaceOrientationPortrait UIInterfaceOrientationPortraitUpsideDown UIInterfaceOrientationLandscapeLeft UIInterfaceOrientationLandscapeRight";
				INFOPLIST_KEY_UISupportedInterfaceOrientations_iPhone = "UIInterfaceOrientationPortrait UIInterfaceOrientationLandscapeLeft UIInterfaceOrientationLandscapeRight";
				IPHONEOS_DEPLOYMENT_TARGET = 12.0;
				LD_RUNPATH_SEARCH_PATHS = (
					"$(inherited)",
					"@executable_path/Frameworks",
				);
				MARKETING_VERSION = 1.0;
				PRODUCT_BUNDLE_IDENTIFIER = com.sendbird.desk.quickstart;
				PRODUCT_NAME = "$(TARGET_NAME)";
				SWIFT_EMIT_LOC_STRINGS = YES;
				SWIFT_VERSION = 5.0;
				TARGETED_DEVICE_FAMILY = "1,2";
			};
			name = Debug;
		};
		52D98B6D274FC73300BFF48C /* Release */ = {
			isa = XCBuildConfiguration;
			baseConfigurationReference = E1D9FB3F7CE22018ECA06B7A /* Pods-Quickstart.release.xcconfig */;
			buildSettings = {
				ASSETCATALOG_COMPILER_APPICON_NAME = AppIcon;
				ASSETCATALOG_COMPILER_GLOBAL_ACCENT_COLOR_NAME = AccentColor;
				CODE_SIGN_STYLE = Automatic;
				CURRENT_PROJECT_VERSION = 1;
				DEVELOPMENT_TEAM = RM4A5PXTUX;
				GENERATE_INFOPLIST_FILE = YES;
				INFOPLIST_FILE = Quickstart/Info.plist;
				INFOPLIST_KEY_UIApplicationSupportsIndirectInputEvents = YES;
				INFOPLIST_KEY_UILaunchStoryboardName = LaunchScreen;
				INFOPLIST_KEY_UIMainStoryboardFile = Main;
				INFOPLIST_KEY_UISupportedInterfaceOrientations = UIInterfaceOrientationPortrait;
				INFOPLIST_KEY_UISupportedInterfaceOrientations_iPad = "UIInterfaceOrientationPortrait UIInterfaceOrientationPortraitUpsideDown UIInterfaceOrientationLandscapeLeft UIInterfaceOrientationLandscapeRight";
				INFOPLIST_KEY_UISupportedInterfaceOrientations_iPhone = "UIInterfaceOrientationPortrait UIInterfaceOrientationLandscapeLeft UIInterfaceOrientationLandscapeRight";
				IPHONEOS_DEPLOYMENT_TARGET = 12.0;
				LD_RUNPATH_SEARCH_PATHS = (
					"$(inherited)",
					"@executable_path/Frameworks",
				);
				MARKETING_VERSION = 1.0;
				PRODUCT_BUNDLE_IDENTIFIER = com.sendbird.desk.quickstart;
				PRODUCT_NAME = "$(TARGET_NAME)";
				SWIFT_EMIT_LOC_STRINGS = YES;
				SWIFT_VERSION = 5.0;
				TARGETED_DEVICE_FAMILY = "1,2";
			};
			name = Release;
		};
/* End XCBuildConfiguration section */

/* Begin XCConfigurationList section */
		52D98B52274FC72E00BFF48C /* Build configuration list for PBXProject "QuickStart" */ = {
			isa = XCConfigurationList;
			buildConfigurations = (
				52D98B69274FC73300BFF48C /* Debug */,
				52D98B6A274FC73300BFF48C /* Release */,
			);
			defaultConfigurationIsVisible = 0;
			defaultConfigurationName = Release;
		};
		52D98B6B274FC73300BFF48C /* Build configuration list for PBXNativeTarget "Quickstart" */ = {
			isa = XCConfigurationList;
			buildConfigurations = (
				52D98B6C274FC73300BFF48C /* Debug */,
				52D98B6D274FC73300BFF48C /* Release */,
			);
			defaultConfigurationIsVisible = 0;
			defaultConfigurationName = Release;
		};
/* End XCConfigurationList section */
	};
	rootObject = 52D98B4F274FC72E00BFF48C /* Project object */;
}
